hash: 1490475ea0e2ce573fd48fb8c9390d021a7b5b5f0302af6b16a7bbae852ea290
updated: 2017-12-05T12:51:51.761498-06:00
imports:
- name: github.com/aristanetworks/goarista
  version: ea17b1a17847fb6e4c0a91de0b674704693469b0
  subpackages:
  - monotime
- name: github.com/btcsuite/btcd
  version: 2e60448ffcc6bf78332d1fe590260095f554dd78
  subpackages:
  - btcec
- name: github.com/edsrzf/mmap-go
  version: 935e0e8a636ca4ba70b713f3e38a19e1b77739e8
- name: github.com/elastic/gosigar
  version: 37f05ff46ffa7a825d1b24cf2b62d4a4c1a9d2e8
- name: github.com/prometheus/prometheus
  version: 3101606756c53221ed58ba94ecba6b26adf89dcc
  subpackages:
  - util/flock
- name: gopkg.in/olebedev/go-duktape.v3
  version: abf0ba0be5d5d36b1f9266463cc320b9a5ab224e
- name: github.com/ethereum/go-ethereum
  version: 683924fb7c976edd33b3e42b9cdcf20d517f8501
  repo: https://github.com/tendermint/go-ethereum.git
  subpackages:
  - accounts
  - accounts/keystore
  - accounts/usbwallet
  - cmd/utils
  - common
  - common/bitutil
  - common/hexutil
  - common/math
  - common/mclock
  - consensus
  - consensus/clique
  - consensus/ethash
  - consensus/misc
  - console
  - core
  - core/state
  - core/types
  - core/vm
  - crypto
  - crypto/ecies
  - crypto/randentropy
  - crypto/secp256k1
  - crypto/sha3
  - eth
  - eth/downloader
  - eth/fetcher
  - eth/filters
  - eth/gasprice
  - ethclient
  - ethdb
  - ethstats
  - event
  - internal/debug
  - internal/ethapi
  - internal/jsre
  - internal/jsre/deps
  - internal/web3ext
  - les
  - les/flowcontrol
  - light
  - log
  - log/term
  - metrics
  - miner
  - node
  - p2p
  - p2p/discover
  - p2p/discv5
  - p2p/nat
  - p2p/netutil
  - params
  - rlp
  - rpc
  - trie
  - whisper/whisperv5
- name: github.com/fatih/color
  version: 5ec5d9d3c2cf82e9688b34e9bc27a94d616a7193
- name: github.com/go-kit/kit
  version: 69950137349e3e6781c1a54e4f7fd3803bd36765
  subpackages:
  - log
  - log/level
  - log/term
- name: github.com/go-logfmt/logfmt
  version: 390ab7935ee28ec6b286364bba9b4dd6410cb3d5
- name: github.com/go-stack/stack
  version: 54be5f394ed2c3e19dac9134a40a95ba5a017f7b
- name: github.com/golang/protobuf
  version: 748d386b5c1ea99658fd69fe9f03991ce86a90c1
  subpackages:
  - proto
  - ptypes
  - ptypes/any
  - ptypes/duration
  - ptypes/timestamp
- name: github.com/gogo/protobuf
  version: 1adfc126b41513cc696b209667c8656ea7aac67c
  subpackages:
  - gogoproto
  - jsonpb
  - proto
  - protoc-gen-gogo/descriptor
  - sortkeys
  - types
- name: github.com/golang/snappy
  version: 553a641470496b2327abcac10b36396bd98e45c9
- name: github.com/gorilla/websocket
  version: a69d9f6de432e2c6b296a947d8a5ee88f68522cf
- name: github.com/hashicorp/golang-lru
  version: 0a025b7e63adc15a622f29b0b2c4c3848243bbf6
  subpackages:
  - simplelru
- name: github.com/huin/goupnp
  version: 679507af18f3c7ba2bcc7905392ce23e148661c3
  subpackages:
  - dcps/internetgateway1
  - dcps/internetgateway2
  - httpu
  - scpd
  - soap
  - ssdp
- name: github.com/jackpal/go-nat-pmp
  version: 1fa385a6f45828c83361136b45b1a21a12139493
- name: github.com/karalabe/hid
  version: f00545f9f3748e591590be3732d913c77525b10f
- name: github.com/kr/logfmt
  version: b84e30acd515aadc4b783ad4ff83aff3299bdfe0
- name: github.com/mattn/go-colorable
  version: 5411d3eea5978e6cdc258b30de592b60df6aba96
- name: github.com/mattn/go-isatty
  version: 281032e84ae07510239465db46bf442aa44b953a
- name: github.com/pborman/uuid
  version: 1b00554d822231195d1babd97ff4a781231955c9
- name: github.com/peterh/liner
  version: a37ad39843113264dae84a5d89fcee28f50b35c6
- name: github.com/pkg/errors
  version: e881fd58d78e04cf6d0de1217f8707c8cc2249bc
- name: github.com/rcrowley/go-metrics
  version: 1f30fe9094a513ce4c700b9a54458bbb0c96996c
  subpackages:
  - exp
- name: github.com/rjeczalik/notify
  version: c31e5f2cb22b3e4ef3f882f413847669bf2652b9
- name: github.com/robertkrimen/otto
  version: 6a77b7cbc37d0c39f7d5fa5766826e541df31fd5
  subpackages:
  - ast
  - dbg
  - file
  - parser
  - registry
  - token
- name: github.com/rs/cors
  version: a62a804a8a009876ca59105f7899938a1349f4b3
- name: github.com/rs/xhandler
  version: ed27b6fd65218132ee50cd95f38474a3d8a2cd12
- name: github.com/spf13/pflag
  version: 97afa5e7ca8a08a383cb259e06636b5e2cc7897f
- name: github.com/syndtr/goleveldb
  version: 169b1b37be738edb2813dab48c97a549bcf99bb5
  subpackages:
  - leveldb
  - leveldb/cache
  - leveldb/comparer
  - leveldb/errors
  - leveldb/filter
  - leveldb/iterator
  - leveldb/journal
  - leveldb/memdb
  - leveldb/opt
  - leveldb/storage
  - leveldb/table
  - leveldb/util
- name: github.com/tendermint/abci
  version: 78a8905690ef54f9d57e3b2b0ee7ad3a04ef3f1f
  subpackages:
  - server
  - example/code
  - example/counter
  - example/kvstore
  - types
- name: github.com/tendermint/ed25519
  version: d8387025d2b9d158cf4efb07e7ebf814bcce2057
  subpackages:
  - edwards25519
  - extra25519
- name: github.com/tendermint/go-crypto
  version: 915416979bf70efa4bcbf1c6cd5d64c5fff9fc19
- name: github.com/tendermint/go-wire
  version: fa721242b042ecd4c6ed1a934ee740db4f74e45c
  subpackages:
  - data
- name: github.com/tendermint/tendermint
  version: 64408a40419a5fa6f156dd96a2ab2fffa3c8ab96
  subpackages:
  - config
  - p2p
  - p2p/upnp
  - rpc/core/types
  - rpc/lib/client
  - rpc/lib/types
  - types
- name: github.com/tendermint/tmlibs
  version: d94e312673e16a11ea55d742cefb3e331228f898
  subpackages:
  - common
  - events
  - flowrate
  - log
  - merkle
- name: github.com/tendermint/go-amino
  version: 3668c02a8feace009f80754a5e5a8541e5d7b996
- name: golang.org/x/crypto
  version: 6a293f2d4b14b8e6d3f0539e383f6d0d30fce3fd
  subpackages:
  - curve25519
  - nacl/box
  - nacl/secretbox
  - openpgp/armor
  - openpgp/errors
  - pbkdf2
  - poly1305
  - ripemd160
  - salsa20/salsa
  - scrypt
- name: golang.org/x/net
  version: a6577fac2d73be281a500b310739095313165611
  subpackages:
  - context
  - html
  - html/atom
  - html/charset
  - http2
  - http2/hpack
  - idna
  - internal/timeseries
  - lex/httplex
  - trace
  - websocket
- name: golang.org/x/sync
  version: f52d1811a62927559de87708c8913c1650ce4f26
  subpackages:
  - syncmap
- name: golang.org/x/sys
  version: 1e2299c37cc91a509f1b12369872d27be0ce98a6
  subpackages:
  - unix
- name: golang.org/x/text
  version: 85c29909967d7f171f821e7a42e7b7af76fb9598
  subpackages:
  - encoding
  - encoding/charmap
  - encoding/htmlindex
  - encoding/internal
  - encoding/internal/identifier
  - encoding/japanese
  - encoding/korean
  - encoding/simplifiedchinese
  - encoding/traditionalchinese
  - encoding/unicode
  - internal/tag
  - internal/utf8internal
  - language
  - runes
  - secure/bidirule
  - transform
  - unicode/bidi
  - unicode/norm
- name: google.golang.org/genproto
  version: b0a3dcfcd1a9bd48e63634bd8802960804cf8315
  subpackages:
  - googleapis/rpc/status
- name: google.golang.org/grpc
  version: 71260d21715bff9c2ac999d546349d4f4b77ef1d
  subpackages:
  - codes
  - credentials
  - grpclb/grpc_lb_v1
  - grpclog
  - internal
  - keepalive
  - metadata
  - naming
  - peer
  - stats
  - status
  - tap
  - transport
- name: gopkg.in/fatih/set.v0
  version: 27c40922c40b43fe04554d8223a402af3ea333f3
- name: gopkg.in/karalabe/cookiejar.v2
  version: 8dcd6a7f4951f6ff3ee9cbb919a06d8925822e57
  subpackages:
  - collections/prque
- name: gopkg.in/natefinch/npipe.v2
  version: c1b8fa8bdccecb0b8db834ee0b92fdbcfa606dd6
- name: gopkg.in/sourcemap.v1
  version: 6e83acea0053641eff084973fee085f0c193c61a
  subpackages:
  - base64vlq
- name: gopkg.in/urfave/cli.v1
  version: cfb38830724cc34fedffe9a2a29fb54fa9169cd1
testImports:
- name: github.com/davecgh/go-spew
  version: 346938d642f2ec3594ed81d874461961cd0faa76
  subpackages:
  - spew
- name: github.com/ebuchman/fail-test
  version: 95f809107225be108efcf10a3509e4ea6ceef3c4
- name: github.com/pmezard/go-difflib
  version: 792786c7400a136282c1664665ae0a8db921c6c2
  subpackages:
  - difflib
- name: github.com/stretchr/testify
  version: 890a5c3458b43e6104ff5da8dfa139d013d77544
  subpackages:
  - assert
